
Microsoft Visual Studio Solution File, Format Version 12.00
# Visual Studio Version 16
VisualStudioVersion = 16.0.29613.14
MinimumVisualStudioVersion = 10.0.40219.1
Project("{FAE04EC0-301F-11D3-BF4B-00C04F79EFBC}") = "OutfitManager", "OutfitManager.csproj", "{E209BED2-316F-4411-B040-0037EA5484F0}"
EndProject
Project("{2150E333-8FDC-42A3-9474-1A3956D46DE8}") = "Solution Items", "Solution Items", "{13379427-E366-4816-B077-6897F2AD3996}"
	ProjectSection(SolutionItems) = preProject
		..\CodeAnalysis.ruleset = ..\CodeAnalysis.ruleset
		..\README.md = ..\README.md
	EndProjectSection
EndProject
Project("{2150E333-8FDC-42A3-9474-1A3956D46DE8}") = "About", "About", "{B6E65872-5A1C-4764-9A05-5DF8D919C2FA}"
	ProjectSection(SolutionItems) = preProject
		..\About\About.xml = ..\About\About.xml
		..\About\Preview.png = ..\About\Preview.png
	EndProjectSection
EndProject
Project("{2150E333-8FDC-42A3-9474-1A3956D46DE8}") = "Assemblies", "Assemblies", "{7EFD99BD-3CA6-4401-A5DE-61ABA2E8738C}"
	ProjectSection(SolutionItems) = preProject
		..\Assemblies\0Harmony.dll = ..\Assemblies\0Harmony.dll
		..\Assemblies\0MultiplayerAPI.dll = ..\Assemblies\0MultiplayerAPI.dll
	EndProjectSection
EndProject
Project("{2150E333-8FDC-42A3-9474-1A3956D46DE8}") = "Textures", "Textures", "{E5210F3F-70E2-4115-A47F-4445A9C6D282}"
	ProjectSection(SolutionItems) = preProject
		..\Textures\add.png = ..\Textures\add.png
		..\Textures\delete.png = ..\Textures\delete.png
		..\Textures\reset.png = ..\Textures\reset.png
	EndProjectSection
EndProject
Project("{2150E333-8FDC-42A3-9474-1A3956D46DE8}") = "Languages", "Languages", "{1AEEBA8D-B79B-4FBD-9E2A-69E0EBA821BD}"
EndProject
Project("{2150E333-8FDC-42A3-9474-1A3956D46DE8}") = "English", "English", "{5F7886FD-FFF9-4DE4-A2B9-5FBF96CD3E0B}"
EndProject
Project("{2150E333-8FDC-42A3-9474-1A3956D46DE8}") = "Keyed", "Keyed", "{D7337E6C-44CB-4D27-B353-C3CAEE0B10F7}"
	ProjectSection(SolutionItems) = preProject
		..\Languages\English\Keyed\Outfitted_Keyed.xml = ..\Languages\English\Keyed\Outfitted_Keyed.xml
	EndProjectSection
EndProject
Global
	GlobalSection(SolutionConfigurationPlatforms) = preSolution
		Debug|Any CPU = Debug|Any CPU
		Release|Any CPU = Release|Any CPU
	EndGlobalSection
	GlobalSection(ProjectConfigurationPlatforms) = postSolution
		{E209BED2-316F-4411-B040-0037EA5484F0}.Debug|Any CPU.ActiveCfg = Debug|Any CPU
		{E209BED2-316F-4411-B040-0037EA5484F0}.Debug|Any CPU.Build.0 = Debug|Any CPU
		{E209BED2-316F-4411-B040-0037EA5484F0}.Release|Any CPU.ActiveCfg = Release|Any CPU
		{E209BED2-316F-4411-B040-0037EA5484F0}.Release|Any CPU.Build.0 = Release|Any CPU
	EndGlobalSection
	GlobalSection(SolutionProperties) = preSolution
		HideSolutionNode = FALSE
	EndGlobalSection
	GlobalSection(NestedProjects) = preSolution
		{5F7886FD-FFF9-4DE4-A2B9-5FBF96CD3E0B} = {1AEEBA8D-B79B-4FBD-9E2A-69E0EBA821BD}
		{D7337E6C-44CB-4D27-B353-C3CAEE0B10F7} = {5F7886FD-FFF9-4DE4-A2B9-5FBF96CD3E0B}
	EndGlobalSection
	GlobalSection(ExtensibilityGlobals) = postSolution
		SolutionGuid = {8C305455-306A-4E43-8883-25BA9E301ED8}
	EndGlobalSection
EndGlobal
